
Microsoft Visual Studio Solution File, Format Version 12.00
# Visual Studio Version 16
VisualStudioVersion = 16.0.29806.167
MinimumVisualStudioVersion = 10.0.40219.1
Project("{8BC9CEB8-8B4A-11D0-8D11-00A0C91BC942}") = "Task1", "Task1\Task1.vcxproj", "{1C5CBB0F-F87B-4583-9B71-980CB13B797B}"
EndProject
Project("{2150E333-8FDC-42A3-9474-1A3956D46DE8}") = "Solution Items", "Solution Items", "{B2066C70-207F-490C-A03A-19845ABFC77D}"
	ProjectSection(SolutionItems) = preProject
		INFO.txt = INFO.txt
	EndProjectSection
EndProject
Project("{8BC9CEB8-8B4A-11D0-8D11-00A0C91BC942}") = "Task2", "Task2\Task2.vcxproj", "{22669ABA-E674-4BA4-B335-7272B73889FF}"
EndProject
Project("{8BC9CEB8-8B4A-11D0-8D11-00A0C91BC942}") = "Task3", "Task3\Task3.vcxproj", "{A5F2E1AE-1630-44F0-A284-E6D1C4EF280E}"
EndProject
Project("{8BC9CEB8-8B4A-11D0-8D11-00A0C91BC942}") = "Task4", "Task4\Task4.vcxproj", "{43C21FDA-7B87-4A1F-84CE-42443ED9E466}"
EndProject
Project("{8BC9CEB8-8B4A-11D0-8D11-00A0C91BC942}") = "Task5", "Task5\Task5.vcxproj", "{6F7636EA-A003-4738-946A-985BD542BF29}"
EndProject
Project("{8BC9CEB8-8B4A-11D0-8D11-00A0C91BC942}") = "Task6", "Task6\Task6.vcxproj", "{42DD5980-9B55-4B8F-917F-345C63E857ED}"
EndProject
Project("{8BC9CEB8-8B4A-11D0-8D11-00A0C91BC942}") = "Task7", "Task7\Task7.vcxproj", "{FE39D266-CCE0-424E-9826-A2115940757D}"
EndProject
Project("{8BC9CEB8-8B4A-11D0-8D11-00A0C91BC942}") = "Task8", "Task8\Task8.vcxproj", "{254AFD0E-FED4-4631-A046-4BAF91DC0960}"
EndProject
Project("{8BC9CEB8-8B4A-11D0-8D11-00A0C91BC942}") = "Task9", "Task9\Task9.vcxproj", "{2A98FC8B-39C5-40A9-8B5D-2BBDED696E63}"
EndProject
Project("{8BC9CEB8-8B4A-11D0-8D11-00A0C91BC942}") = "zTask10", "zTask10\zTask10.vcxproj", "{CE13A492-35EF-4945-A804-D985A1B3B10D}"
EndProject
Project("{8BC9CEB8-8B4A-11D0-8D11-00A0C91BC942}") = "zTask11", "zTask11\zTask11.vcxproj", "{B515B0B5-6602-4B9E-AEF7-5961D5BFE163}"
EndProject
Project("{8BC9CEB8-8B4A-11D0-8D11-00A0C91BC942}") = "zTask12", "zTask12\zTask12.vcxproj", "{C61B0BE7-FB70-455A-8F54-79E77A4781BA}"
EndProject
Project("{8BC9CEB8-8B4A-11D0-8D11-00A0C91BC942}") = "zTask13", "zTask13\zTask13.vcxproj", "{E882527F-439D-4CC9-A61B-32DC0C08FED7}"
EndProject
Project("{8BC9CEB8-8B4A-11D0-8D11-00A0C91BC942}") = "zTask14", "zTask14\zTask14.vcxproj", "{DFA5D069-42AC-49B6-83AC-91F134AB5BCD}"
EndProject
Project("{8BC9CEB8-8B4A-11D0-8D11-00A0C91BC942}") = "zTask15", "zTask15\zTask15.vcxproj", "{5C975FA6-1B96-4574-9E0C-A7ACA2590683}"
EndProject
Project("{8BC9CEB8-8B4A-11D0-8D11-00A0C91BC942}") = "zTask16", "zTask16\zTask16.vcxproj", "{4B61EA4A-AF4C-403B-B27B-4A6A4C33B861}"
EndProject
Project("{8BC9CEB8-8B4A-11D0-8D11-00A0C91BC942}") = "zTask17", "zTask17\zTask17.vcxproj", "{2B07A7C1-51EE-4046-B54C-F030C8C77383}"
EndProject
Project("{8BC9CEB8-8B4A-11D0-8D11-00A0C91BC942}") = "zTask18", "zTask18\zTask18.vcxproj", "{9AC77A03-8A60-47A4-8F3F-9A966C9B8242}"
EndProject
Project("{8BC9CEB8-8B4A-11D0-8D11-00A0C91BC942}") = "zTask19", "zTask19\zTask19.vcxproj", "{C25F6C12-77D0-48B7-8756-944067D1ECCD}"
EndProject
Project("{8BC9CEB8-8B4A-11D0-8D11-00A0C91BC942}") = "zTask20", "zTask20\zTask20.vcxproj", "{06CBE50C-2216-4EEC-8DF4-80FCD9E3E264}"
EndProject
Global
	GlobalSection(SolutionConfigurationPlatforms) = preSolution
		Debug|x64 = Debug|x64
		Debug|x86 = Debug|x86
		Release|x64 = Release|x64
		Release|x86 = Release|x86
	EndGlobalSection
	GlobalSection(ProjectConfigurationPlatforms) = postSolution
		{1C5CBB0F-F87B-4583-9B71-980CB13B797B}.Debug|x64.ActiveCfg = Debug|x64
		{1C5CBB0F-F87B-4583-9B71-980CB13B797B}.Debug|x64.Build.0 = Debug|x64
		{1C5CBB0F-F87B-4583-9B71-980CB13B797B}.Debug|x86.ActiveCfg = Debug|Win32
		{1C5CBB0F-F87B-4583-9B71-980CB13B797B}.Debug|x86.Build.0 = Debug|Win32
		{1C5CBB0F-F87B-4583-9B71-980CB13B797B}.Release|x64.ActiveCfg = Release|x64
		{1C5CBB0F-F87B-4583-9B71-980CB13B797B}.Release|x64.Build.0 = Release|x64
		{1C5CBB0F-F87B-4583-9B71-980CB13B797B}.Release|x86.ActiveCfg = Release|Win32
		{1C5CBB0F-F87B-4583-9B71-980CB13B797B}.Release|x86.Build.0 = Release|Win32
		{22669ABA-E674-4BA4-B335-7272B73889FF}.Debug|x64.ActiveCfg = Debug|x64
		{22669ABA-E674-4BA4-B335-7272B73889FF}.Debug|x64.Build.0 = Debug|x64
		{22669ABA-E674-4BA4-B335-7272B73889FF}.Debug|x86.ActiveCfg = Debug|Win32
		{22669ABA-E674-4BA4-B335-7272B73889FF}.Debug|x86.Build.0 = Debug|Win32
		{22669ABA-E674-4BA4-B335-7272B73889FF}.Release|x64.ActiveCfg = Release|x64
		{22669ABA-E674-4BA4-B335-7272B73889FF}.Release|x64.Build.0 = Release|x64
		{22669ABA-E674-4BA4-B335-7272B73889FF}.Release|x86.ActiveCfg = Release|Win32
		{22669ABA-E674-4BA4-B335-7272B73889FF}.Release|x86.Build.0 = Release|Win32
		{A5F2E1AE-1630-44F0-A284-E6D1C4EF280E}.Debug|x64.ActiveCfg = Debug|x64
		{A5F2E1AE-1630-44F0-A284-E6D1C4EF280E}.Debug|x64.Build.0 = Debug|x64
		{A5F2E1AE-1630-44F0-A284-E6D1C4EF280E}.Debug|x86.ActiveCfg = Debug|Win32
		{A5F2E1AE-1630-44F0-A284-E6D1C4EF280E}.Debug|x86.Build.0 = Debug|Win32
		{A5F2E1AE-1630-44F0-A284-E6D1C4EF280E}.Release|x64.ActiveCfg = Release|x64
		{A5F2E1AE-1630-44F0-A284-E6D1C4EF280E}.Release|x64.Build.0 = Release|x64
		{A5F2E1AE-1630-44F0-A284-E6D1C4EF280E}.Release|x86.ActiveCfg = Release|Win32
		{A5F2E1AE-1630-44F0-A284-E6D1C4EF280E}.Release|x86.Build.0 = Release|Win32
		{43C21FDA-7B87-4A1F-84CE-42443ED9E466}.Debug|x64.ActiveCfg = Debug|x64
		{43C21FDA-7B87-4A1F-84CE-42443ED9E466}.Debug|x64.Build.0 = Debug|x64
		{43C21FDA-7B87-4A1F-84CE-42443ED9E466}.Debug|x86.ActiveCfg = Debug|Win32
		{43C21FDA-7B87-4A1F-84CE-42443ED9E466}.Debug|x86.Build.0 = Debug|Win32
		{43C21FDA-7B87-4A1F-84CE-42443ED9E466}.Release|x64.ActiveCfg = Release|x64
		{43C21FDA-7B87-4A1F-84CE-42443ED9E466}.Release|x64.Build.0 = Release|x64
		{43C21FDA-7B87-4A1F-84CE-42443ED9E466}.Release|x86.ActiveCfg = Release|Win32
		{43C21FDA-7B87-4A1F-84CE-42443ED9E466}.Release|x86.Build.0 = Release|Win32
		{6F7636EA-A003-4738-946A-985BD542BF29}.Debug|x64.ActiveCfg = Debug|x64
		{6F7636EA-A003-4738-946A-985BD542BF29}.Debug|x64.Build.0 = Debug|x64
		{6F7636EA-A003-4738-946A-985BD542BF29}.Debug|x86.ActiveCfg = Debug|Win32
		{6F7636EA-A003-4738-946A-985BD542BF29}.Debug|x86.Build.0 = Debug|Win32
		{6F7636EA-A003-4738-946A-985BD542BF29}.Release|x64.ActiveCfg = Release|x64
		{6F7636EA-A003-4738-946A-985BD542BF29}.Release|x64.Build.0 = Release|x64
		{6F7636EA-A003-4738-946A-985BD542BF29}.Release|x86.ActiveCfg = Release|Win32
		{6F7636EA-A003-4738-946A-985BD542BF29}.Release|x86.Build.0 = Release|Win32
		{42DD5980-9B55-4B8F-917F-345C63E857ED}.Debug|x64.ActiveCfg = Debug|x64
		{42DD5980-9B55-4B8F-917F-345C63E857ED}.Debug|x64.Build.0 = Debug|x64
		{42DD5980-9B55-4B8F-917F-345C63E857ED}.Debug|x86.ActiveCfg = Debug|Win32
		{42DD5980-9B55-4B8F-917F-345C63E857ED}.Debug|x86.Build.0 = Debug|Win32
		{42DD5980-9B55-4B8F-917F-345C63E857ED}.Release|x64.ActiveCfg = Release|x64
		{42DD5980-9B55-4B8F-917F-345C63E857ED}.Release|x64.Build.0 = Release|x64
		{42DD5980-9B55-4B8F-917F-345C63E857ED}.Release|x86.ActiveCfg = Release|Win32
		{42DD5980-9B55-4B8F-917F-345C63E857ED}.Release|x86.Build.0 = Release|Win32
		{FE39D266-CCE0-424E-9826-A2115940757D}.Debug|x64.ActiveCfg = Debug|x64
		{FE39D266-CCE0-424E-9826-A2115940757D}.Debug|x64.Build.0 = Debug|x64
		{FE39D266-CCE0-424E-9826-A2115940757D}.Debug|x86.ActiveCfg = Debug|Win32
		{FE39D266-CCE0-424E-9826-A2115940757D}.Debug|x86.Build.0 = Debug|Win32
		{FE39D266-CCE0-424E-9826-A2115940757D}.Release|x64.ActiveCfg = Release|x64
		{FE39D266-CCE0-424E-9826-A2115940757D}.Release|x64.Build.0 = Release|x64
		{FE39D266-CCE0-424E-9826-A2115940757D}.Release|x86.ActiveCfg = Release|Win32
		{FE39D266-CCE0-424E-9826-A2115940757D}.Release|x86.Build.0 = Release|Win32
		{254AFD0E-FED4-4631-A046-4BAF91DC0960}.Debug|x64.ActiveCfg = Debug|x64
		{254AFD0E-FED4-4631-A046-4BAF91DC0960}.Debug|x64.Build.0 = Debug|x64
		{254AFD0E-FED4-4631-A046-4BAF91DC0960}.Debug|x86.ActiveCfg = Debug|Win32
		{254AFD0E-FED4-4631-A046-4BAF91DC0960}.Debug|x86.Build.0 = Debug|Win32
		{254AFD0E-FED4-4631-A046-4BAF91DC0960}.Release|x64.ActiveCfg = Release|x64
		{254AFD0E-FED4-4631-A046-4BAF91DC0960}.Release|x64.Build.0 = Release|x64
		{254AFD0E-FED4-4631-A046-4BAF91DC0960}.Release|x86.ActiveCfg = Release|Win32
		{254AFD0E-FED4-4631-A046-4BAF91DC0960}.Release|x86.Build.0 = Release|Win32
		{2A98FC8B-39C5-40A9-8B5D-2BBDED696E63}.Debug|x64.ActiveCfg = Debug|x64
		{2A98FC8B-39C5-40A9-8B5D-2BBDED696E63}.Debug|x64.Build.0 = Debug|x64
		{2A98FC8B-39C5-40A9-8B5D-2BBDED696E63}.Debug|x86.ActiveCfg = Debug|Win32
		{2A98FC8B-39C5-40A9-8B5D-2BBDED696E63}.Debug|x86.Build.0 = Debug|Win32
		{2A98FC8B-39C5-40A9-8B5D-2BBDED696E63}.Release|x64.ActiveCfg = Release|x64
		{2A98FC8B-39C5-40A9-8B5D-2BBDED696E63}.Release|x64.Build.0 = Release|x64
		{2A98FC8B-39C5-40A9-8B5D-2BBDED696E63}.Release|x86.ActiveCfg = Release|Win32
		{2A98FC8B-39C5-40A9-8B5D-2BBDED696E63}.Release|x86.Build.0 = Release|Win32
		{CE13A492-35EF-4945-A804-D985A1B3B10D}.Debug|x64.ActiveCfg = Debug|x64
		{CE13A492-35EF-4945-A804-D985A1B3B10D}.Debug|x64.Build.0 = Debug|x64
		{CE13A492-35EF-4945-A804-D985A1B3B10D}.Debug|x86.ActiveCfg = Debug|Win32
		{CE13A492-35EF-4945-A804-D985A1B3B10D}.Debug|x86.Build.0 = Debug|Win32
		{CE13A492-35EF-4945-A804-D985A1B3B10D}.Release|x64.ActiveCfg = Release|x64
		{CE13A492-35EF-4945-A804-D985A1B3B10D}.Release|x64.Build.0 = Release|x64
		{CE13A492-35EF-4945-A804-D985A1B3B10D}.Release|x86.ActiveCfg = Release|Win32
		{CE13A492-35EF-4945-A804-D985A1B3B10D}.Release|x86.Build.0 = Release|Win32
		{B515B0B5-6602-4B9E-AEF7-5961D5BFE163}.Debug|x64.ActiveCfg = Debug|x64
		{B515B0B5-6602-4B9E-AEF7-5961D5BFE163}.Debug|x64.Build.0 = Debug|x64
		{B515B0B5-6602-4B9E-AEF7-5961D5BFE163}.Debug|x86.ActiveCfg = Debug|Win32
		{B515B0B5-6602-4B9E-AEF7-5961D5BFE163}.Debug|x86.Build.0 = Debug|Win32
		{B515B0B5-6602-4B9E-AEF7-5961D5BFE163}.Release|x64.ActiveCfg = Release|x64
		{B515B0B5-6602-4B9E-AEF7-5961D5BFE163}.Release|x64.Build.0 = Release|x64
		{B515B0B5-6602-4B9E-AEF7-5961D5BFE163}.Release|x86.ActiveCfg = Release|Win32
		{B515B0B5-6602-4B9E-AEF7-5961D5BFE163}.Release|x86.Build.0 = Release|Win32
		{C61B0BE7-FB70-455A-8F54-79E77A4781BA}.Debug|x64.ActiveCfg = Debug|x64
		{C61B0BE7-FB70-455A-8F54-79E77A4781BA}.Debug|x64.Build.0 = Debug|x64
		{C61B0BE7-FB70-455A-8F54-79E77A4781BA}.Debug|x86.ActiveCfg = Debug|Win32
		{C61B0BE7-FB70-455A-8F54-79E77A4781BA}.Debug|x86.Build.0 = Debug|Win32
		{C61B0BE7-FB70-455A-8F54-79E77A4781BA}.Release|x64.ActiveCfg = Release|x64
		{C61B0BE7-FB70-455A-8F54-79E77A4781BA}.Release|x64.Build.0 = Release|x64
		{C61B0BE7-FB70-455A-8F54-79E77A4781BA}.Release|x86.ActiveCfg = Release|Win32
		{C61B0BE7-FB70-455A-8F54-79E77A4781BA}.Release|x86.Build.0 = Release|Win32
		{E882527F-439D-4CC9-A61B-32DC0C08FED7}.Debug|x64.ActiveCfg = Debug|x64
		{E882527F-439D-4CC9-A61B-32DC0C08FED7}.Debug|x64.Build.0 = Debug|x64
		{E882527F-439D-4CC9-A61B-32DC0C08FED7}.Debug|x86.ActiveCfg = Debug|Win32
		{E882527F-439D-4CC9-A61B-32DC0C08FED7}.Debug|x86.Build.0 = Debug|Win32
		{E882527F-439D-4CC9-A61B-32DC0C08FED7}.Release|x64.ActiveCfg = Release|x64
		{E882527F-439D-4CC9-A61B-32DC0C08FED7}.Release|x64.Build.0 = Release|x64
		{E882527F-439D-4CC9-A61B-32DC0C08FED7}.Release|x86.ActiveCfg = Release|Win32
		{E882527F-439D-4CC9-A61B-32DC0C08FED7}.Release|x86.Build.0 = Release|Win32
		{DFA5D069-42AC-49B6-83AC-91F134AB5BCD}.Debug|x64.ActiveCfg = Debug|x64
		{DFA5D069-42AC-49B6-83AC-91F134AB5BCD}.Debug|x64.Build.0 = Debug|x64
		{DFA5D069-42AC-49B6-83AC-91F134AB5BCD}.Debug|x86.ActiveCfg = Debug|Win32
		{DFA5D069-42AC-49B6-83AC-91F134AB5BCD}.Debug|x86.Build.0 = Debug|Win32
		{DFA5D069-42AC-49B6-83AC-91F134AB5BCD}.Release|x64.ActiveCfg = Release|x64
		{DFA5D069-42AC-49B6-83AC-91F134AB5BCD}.Release|x64.Build.0 = Release|x64
		{DFA5D069-42AC-49B6-83AC-91F134AB5BCD}.Release|x86.ActiveCfg = Release|Win32
		{DFA5D069-42AC-49B6-83AC-91F134AB5BCD}.Release|x86.Build.0 = Release|Win32
		{5C975FA6-1B96-4574-9E0C-A7ACA2590683}.Debug|x64.ActiveCfg = Debug|x64
		{5C975FA6-1B96-4574-9E0C-A7ACA2590683}.Debug|x64.Build.0 = Debug|x64
		{5C975FA6-1B96-4574-9E0C-A7ACA2590683}.Debug|x86.ActiveCfg = Debug|Win32
		{5C975FA6-1B96-4574-9E0C-A7ACA2590683}.Debug|x86.Build.0 = Debug|Win32
		{5C975FA6-1B96-4574-9E0C-A7ACA2590683}.Release|x64.ActiveCfg = Release|x64
		{5C975FA6-1B96-4574-9E0C-A7ACA2590683}.Release|x64.Build.0 = Release|x64
		{5C975FA6-1B96-4574-9E0C-A7ACA2590683}.Release|x86.ActiveCfg = Release|Win32
		{5C975FA6-1B96-4574-9E0C-A7ACA2590683}.Release|x86.Build.0 = Release|Win32
		{4B61EA4A-AF4C-403B-B27B-4A6A4C33B861}.Debug|x64.ActiveCfg = Debug|x64
		{4B61EA4A-AF4C-403B-B27B-4A6A4C33B861}.Debug|x64.Build.0 = Debug|x64
		{4B61EA4A-AF4C-403B-B27B-4A6A4C33B861}.Debug|x86.ActiveCfg = Debug|Win32
		{4B61EA4A-AF4C-403B-B27B-4A6A4C33B861}.Debug|x86.Build.0 = Debug|Win32
		{4B61EA4A-AF4C-403B-B27B-4A6A4C33B861}.Release|x64.ActiveCfg = Release|x64
		{4B61EA4A-AF4C-403B-B27B-4A6A4C33B861}.Release|x64.Build.0 = Release|x64
		{4B61EA4A-AF4C-403B-B27B-4A6A4C33B861}.Release|x86.ActiveCfg = Release|Win32
		{4B61EA4A-AF4C-403B-B27B-4A6A4C33B861}.Release|x86.Build.0 = Release|Win32
		{2B07A7C1-51EE-4046-B54C-F030C8C77383}.Debug|x64.ActiveCfg = Debug|x64
		{2B07A7C1-51EE-4046-B54C-F030C8C77383}.Debug|x64.Build.0 = Debug|x64
		{2B07A7C1-51EE-4046-B54C-F030C8C77383}.Debug|x86.ActiveCfg = Debug|Win32
		{2B07A7C1-51EE-4046-B54C-F030C8C77383}.Debug|x86.Build.0 = Debug|Win32
		{2B07A7C1-51EE-4046-B54C-F030C8C77383}.Release|x64.ActiveCfg = Release|x64
		{2B07A7C1-51EE-4046-B54C-F030C8C77383}.Release|x64.Build.0 = Release|x64
		{2B07A7C1-51EE-4046-B54C-F030C8C77383}.Release|x86.ActiveCfg = Release|Win32
		{2B07A7C1-51EE-4046-B54C-F030C8C77383}.Release|x86.Build.0 = Release|Win32
		{9AC77A03-8A60-47A4-8F3F-9A966C9B8242}.Debug|x64.ActiveCfg = Debug|x64
		{9AC77A03-8A60-47A4-8F3F-9A966C9B8242}.Debug|x64.Build.0 = Debug|x64
		{9AC77A03-8A60-47A4-8F3F-9A966C9B8242}.Debug|x86.ActiveCfg = Debug|Win32
		{9AC77A03-8A60-47A4-8F3F-9A966C9B8242}.Debug|x86.Build.0 = Debug|Win32
		{9AC77A03-8A60-47A4-8F3F-9A966C9B8242}.Release|x64.ActiveCfg = Release|x64
		{9AC77A03-8A60-47A4-8F3F-9A966C9B8242}.Release|x64.Build.0 = Release|x64
		{9AC77A03-8A60-47A4-8F3F-9A966C9B8242}.Release|x86.ActiveCfg = Release|Win32
		{9AC77A03-8A60-47A4-8F3F-9A966C9B8242}.Release|x86.Build.0 = Release|Win32
		{C25F6C12-77D0-48B7-8756-944067D1ECCD}.Debug|x64.ActiveCfg = Debug|x64
		{C25F6C12-77D0-48B7-8756-944067D1ECCD}.Debug|x64.Build.0 = Debug|x64
		{C25F6C12-77D0-48B7-8756-944067D1ECCD}.Debug|x86.ActiveCfg = Debug|Win32
		{C25F6C12-77D0-48B7-8756-944067D1ECCD}.Debug|x86.Build.0 = Debug|Win32
		{C25F6C12-77D0-48B7-8756-944067D1ECCD}.Release|x64.ActiveCfg = Release|x64
		{C25F6C12-77D0-48B7-8756-944067D1ECCD}.Release|x64.Build.0 = Release|x64
		{C25F6C12-77D0-48B7-8756-944067D1ECCD}.Release|x86.ActiveCfg = Release|Win32
		{C25F6C12-77D0-48B7-8756-944067D1ECCD}.Release|x86.Build.0 = Release|Win32
		{06CBE50C-2216-4EEC-8DF4-80FCD9E3E264}.Debug|x64.ActiveCfg = Debug|x64
		{06CBE50C-2216-4EEC-8DF4-80FCD9E3E264}.Debug|x64.Build.0 = Debug|x64
		{06CBE50C-2216-4EEC-8DF4-80FCD9E3E264}.Debug|x86.ActiveCfg = Debug|Win32
		{06CBE50C-2216-4EEC-8DF4-80FCD9E3E264}.Debug|x86.Build.0 = Debug|Win32
		{06CBE50C-2216-4EEC-8DF4-80FCD9E3E264}.Release|x64.ActiveCfg = Release|x64
		{06CBE50C-2216-4EEC-8DF4-80FCD9E3E264}.Release|x64.Build.0 = Release|x64
		{06CBE50C-2216-4EEC-8DF4-80FCD9E3E264}.Release|x86.ActiveCfg = Release|Win32
		{06CBE50C-2216-4EEC-8DF4-80FCD9E3E264}.Release|x86.Build.0 = Release|Win32
	EndGlobalSection
	GlobalSection(SolutionProperties) = preSolution
		HideSolutionNode = FALSE
	EndGlobalSection
	GlobalSection(ExtensibilityGlobals) = postSolution
		SolutionGuid = {A0C74E23-EE67-4E0B-B72E-4017CA80B3E2}
	EndGlobalSection
EndGlobal
